{
  "name": "zenbox",
  "version": "1.0.0",
  "lockfileVersion": 2,
  "requires": true,
  "packages": {
    "": {
      "name": "zenbox",
      "version": "1.0.0",
      "license": "MIT",
      "dependencies": {
        "@types/google-apps-script": "^1.0.49"
      }
    },
    "node_modules/@types/google-apps-script": {
      "version": "1.0.49",
      "resolved": "https://registry.npmjs.org/@types/google-apps-script/-/google-apps-script-1.0.49.tgz",
      "integrity": "sha512-pnWMD5bHd/2aupq4x4b++Yc3KA04vG2ZimZ2aHCc5NSzoM06rup2b45xnQjsK0qYi5fQZBbjXRMZD886oekxfA=="
    }
  },
  "dependencies": {
    "@types/google-apps-script": {
      "version": "1.0.49",
      "resolved": "https://registry.npmjs.org/@types/google-apps-script/-/google-apps-script-1.0.49.tgz",
      "integrity": "sha512-pnWMD5bHd/2aupq4x4b++Yc3KA04vG2ZimZ2aHCc5NSzoM06rup2b45xnQjsK0qYi5fQZBbjXRMZD886oekxfA=="
    }
  }
}
